
Microsoft Visual Studio Solution File, Format Version 12.00
# Visual Studio Version 16
VisualStudioVersion = 16.0.30413.136
MinimumVisualStudioVersion = 10.0.40219.1
Project("{FAE04EC0-301F-11D3-BF4B-00C04F79EFBC}") = "Notify", "Notify.csproj", "{B041F6FA-80E9-42EB-A7DA-F01ECB65AE7E}"
EndProject
Global
	GlobalSection(SolutionConfigurationPlatforms) = preSolution
		Debug|Any CPU = Debug|Any CPU
		Release|Any CPU = Release|Any CPU
	EndGlobalSection
	GlobalSection(ProjectConfigurationPlatforms) = postSolution
		{B041F6FA-80E9-42EB-A7DA-F01ECB65AE7E}.Debug|Any CPU.ActiveCfg = Debug|Any CPU
		{B041F6FA-80E9-42EB-A7DA-F01ECB65AE7E}.Debug|Any CPU.Build.0 = Debug|Any CPU
		{B041F6FA-80E9-42EB-A7DA-F01ECB65AE7E}.Release|Any CPU.ActiveCfg = Release|Any CPU
		{B041F6FA-80E9-42EB-A7DA-F01ECB65AE7E}.Release|Any CPU.Build.0 = Release|Any CPU
	EndGlobalSection
	GlobalSection(SolutionProperties) = preSolution
		HideSolutionNode = FALSE
	EndGlobalSection
	GlobalSection(ExtensibilityGlobals) = postSolution
		SolutionGuid = {3F54D630-D6C3-4883-BC01-523701781F01}
	EndGlobalSection
EndGlobal
